// !$*UTF8*$!
{
	archiveVersion = 1;
	classes = {
	};
	objectVersion = 50;
	objects = {

/* Begin PBXBuildFile section */
		21263E192185FD5F0018E604 /* Constants.swift in Sources */ = {isa = PBXBuildFile; fileRef = 21263E182185FD5F0018E604 /* Constants.swift */; };
		2166686221681A4100AC6318 /* AppDelegate.swift in Sources */ = {isa = PBXBuildFile; fileRef = 2166686121681A4100AC6318 /* AppDelegate.swift */; };
		2166686721681A4100AC6318 /* Main.storyboard in Resources */ = {isa = PBXBuildFile; fileRef = 2166686521681A4100AC6318 /* Main.storyboard */; };
		2166686A21681A4100AC6318 /* WorkoutJournal.xcdatamodeld in Sources */ = {isa = PBXBuildFile; fileRef = 2166686821681A4100AC6318 /* WorkoutJournal.xcdatamodeld */; };
		2166686C21681A4400AC6318 /* Assets.xcassets in Resources */ = {isa = PBXBuildFile; fileRef = 2166686B21681A4400AC6318 /* Assets.xcassets */; };
		2166686F21681A4400AC6318 /* LaunchScreen.storyboard in Resources */ = {isa = PBXBuildFile; fileRef = 2166686D21681A4400AC6318 /* LaunchScreen.storyboard */; };
		2166687A21681A4400AC6318 /* WorkoutJournalTests.swift in Sources */ = {isa = PBXBuildFile; fileRef = 2166687921681A4400AC6318 /* WorkoutJournalTests.swift */; };
		2166688521681D2100AC6318 /* WorkoutsViewController.swift in Sources */ = {isa = PBXBuildFile; fileRef = 2166688421681D2100AC6318 /* WorkoutsViewController.swift */; };
		2166688721681D5900AC6318 /* ExercisesViewController.swift in Sources */ = {isa = PBXBuildFile; fileRef = 2166688621681D5900AC6318 /* ExercisesViewController.swift */; };
		2166688921681DCE00AC6318 /* WorkoutDetailsViewController.swift in Sources */ = {isa = PBXBuildFile; fileRef = 2166688821681DCE00AC6318 /* WorkoutDetailsViewController.swift */; };
		2166688D21681E8600AC6318 /* ExerciseDetailsViewController.swift in Sources */ = {isa = PBXBuildFile; fileRef = 2166688C21681E8600AC6318 /* ExerciseDetailsViewController.swift */; };
		2166688F2168352B00AC6318 /* DataStore.swift in Sources */ = {isa = PBXBuildFile; fileRef = 2166688E2168352B00AC6318 /* DataStore.swift */; };
		21666895216A48BD00AC6318 /* ExercisePlansListViewController.swift in Sources */ = {isa = PBXBuildFile; fileRef = 21666894216A48BD00AC6318 /* ExercisePlansListViewController.swift */; };
		21AD2F6721A398AD0097DF08 /* WorkoutJournalDataStore.swift in Sources */ = {isa = PBXBuildFile; fileRef = 21AD2F6621A398AC0097DF08 /* WorkoutJournalDataStore.swift */; };
		21AD2FA321A8F2C60097DF08 /* ExercisePlanInRoutine+CoreDataClass.swift in Sources */ = {isa = PBXBuildFile; fileRef = 21AD2F9121A8F2C60097DF08 /* ExercisePlanInRoutine+CoreDataClass.swift */; };
		21AD2FA421A8F2C60097DF08 /* ExercisePlanInRoutine+CoreDataProperties.swift in Sources */ = {isa = PBXBuildFile; fileRef = 21AD2F9221A8F2C60097DF08 /* ExercisePlanInRoutine+CoreDataProperties.swift */; };
		21AD2FA521A8F2C60097DF08 /* WorkoutEvent+CoreDataClass.swift in Sources */ = {isa = PBXBuildFile; fileRef = 21AD2F9321A8F2C60097DF08 /* WorkoutEvent+CoreDataClass.swift */; };
		21AD2FA621A8F2C60097DF08 /* WorkoutEvent+CoreDataProperties.swift in Sources */ = {isa = PBXBuildFile; fileRef = 21AD2F9421A8F2C60097DF08 /* WorkoutEvent+CoreDataProperties.swift */; };
		21AD2FA721A8F2C60097DF08 /* RoutineInWorkout+CoreDataClass.swift in Sources */ = {isa = PBXBuildFile; fileRef = 21AD2F9521A8F2C60097DF08 /* RoutineInWorkout+CoreDataClass.swift */; };
		21AD2FA821A8F2C60097DF08 /* RoutineInWorkout+CoreDataProperties.swift in Sources */ = {isa = PBXBuildFile; fileRef = 21AD2F9621A8F2C60097DF08 /* RoutineInWorkout+CoreDataProperties.swift */; };
		21AD2FA921A8F2C60097DF08 /* Routine+CoreDataClass.swift in Sources */ = {isa = PBXBuildFile; fileRef = 21AD2F9721A8F2C60097DF08 /* Routine+CoreDataClass.swift */; };
		21AD2FAA21A8F2C60097DF08 /* Routine+CoreDataProperties.swift in Sources */ = {isa = PBXBuildFile; fileRef = 21AD2F9821A8F2C60097DF08 /* Routine+CoreDataProperties.swift */; };
		21AD2FAB21A8F2C60097DF08 /* ExercisePlan+CoreDataClass.swift in Sources */ = {isa = PBXBuildFile; fileRef = 21AD2F9921A8F2C60097DF08 /* ExercisePlan+CoreDataClass.swift */; };
		21AD2FAC21A8F2C60097DF08 /* ExercisePlan+CoreDataProperties.swift in Sources */ = {isa = PBXBuildFile; fileRef = 21AD2F9A21A8F2C60097DF08 /* ExercisePlan+CoreDataProperties.swift */; };
		21AD2FAD21A8F2C60097DF08 /* Exercise+CoreDataClass.swift in Sources */ = {isa = PBXBuildFile; fileRef = 21AD2F9B21A8F2C60097DF08 /* Exercise+CoreDataClass.swift */; };
		21AD2FAE21A8F2C60097DF08 /* Exercise+CoreDataProperties.swift in Sources */ = {isa = PBXBuildFile; fileRef = 21AD2F9C21A8F2C60097DF08 /* Exercise+CoreDataProperties.swift */; };
		21AD2FAF21A8F2C60097DF08 /* ExercisePlanPerformed+CoreDataClass.swift in Sources */ = {isa = PBXBuildFile; fileRef = 21AD2F9D21A8F2C60097DF08 /* ExercisePlanPerformed+CoreDataClass.swift */; };
		21AD2FB021A8F2C60097DF08 /* ExercisePlanPerformed+CoreDataProperties.swift in Sources */ = {isa = PBXBuildFile; fileRef = 21AD2F9E21A8F2C60097DF08 /* ExercisePlanPerformed+CoreDataProperties.swift */; };
		21AD2FB121A8F2C60097DF08 /* Person+CoreDataClass.swift in Sources */ = {isa = PBXBuildFile; fileRef = 21AD2F9F21A8F2C60097DF08 /* Person+CoreDataClass.swift */; };
		21AD2FB221A8F2C60097DF08 /* Person+CoreDataProperties.swift in Sources */ = {isa = PBXBuildFile; fileRef = 21AD2FA021A8F2C60097DF08 /* Person+CoreDataProperties.swift */; };
		21AD2FB321A8F2C60097DF08 /* Workout+CoreDataClass.swift in Sources */ = {isa = PBXBuildFile; fileRef = 21AD2FA121A8F2C60097DF08 /* Workout+CoreDataClass.swift */; };
		21AD2FB421A8F2C60097DF08 /* Workout+CoreDataProperties.swift in Sources */ = {isa = PBXBuildFile; fileRef = 21AD2FA221A8F2C60097DF08 /* Workout+CoreDataProperties.swift */; };
		21DF5D122191346500A786F2 /* ExercisePlanViewController.swift in Sources */ = {isa = PBXBuildFile; fileRef = 21DF5D112191346500A786F2 /* ExercisePlanViewController.swift */; };
/* End PBXBuildFile section */

/* Begin PBXContainerItemProxy section */
		2166687621681A4400AC6318 /* PBXContainerItemProxy */ = {
			isa = PBXContainerItemProxy;
			containerPortal = 2166685621681A4000AC6318 /* Project object */;
			proxyType = 1;
			remoteGlobalIDString = 2166685D21681A4100AC6318;
			remoteInfo = WorkoutJournal;
		};
/* End PBXContainerItemProxy section */

/* Begin PBXFileReference section */
		21263E182185FD5F0018E604 /* Constants.swift */ = {isa = PBXFileReference; lastKnownFileType = sourcecode.swift; path = Constants.swift; sourceTree = "<group>"; };
		2166685E21681A4100AC6318 /* WorkoutJournal.app */ = {isa = PBXFileReference; explicitFileType = wrapper.application; includeInIndex = 0; path = WorkoutJournal.app; sourceTree = BUILT_PRODUCTS_DIR; };
		2166686121681A4100AC6318 /* AppDelegate.swift */ = {isa = PBXFileReference; lastKnownFileType = sourcecode.swift; path = AppDelegate.swift; sourceTree = "<group>"; };
		2166686621681A4100AC6318 /* Base */ = {isa = PBXFileReference; lastKnownFileType = file.storyboard; name = Base; path = Base.lproj/Main.storyboard; sourceTree = "<group>"; };
		2166686921681A4100AC6318 /* WorkoutJournal.xcdatamodel */ = {isa = PBXFileReference; lastKnownFileType = wrapper.xcdatamodel; path = WorkoutJournal.xcdatamodel; sourceTree = "<group>"; };
		2166686B21681A4400AC6318 /* Assets.xcassets */ = {isa = PBXFileReference; lastKnownFileType = folder.assetcatalog; path = Assets.xcassets; sourceTree = "<group>"; };
		2166686E21681A4400AC6318 /* Base */ = {isa = PBXFileReference; lastKnownFileType = file.storyboard; name = Base; path = Base.lproj/LaunchScreen.storyboard; sourceTree = "<group>"; };
		2166687021681A4400AC6318 /* Info.plist */ = {isa = PBXFileReference; lastKnownFileType = text.plist.xml; path = Info.plist; sourceTree = "<group>"; };
		2166687521681A4400AC6318 /* WorkoutJournalTests.xctest */ = {isa = PBXFileReference; explicitFileType = wrapper.cfbundle; includeInIndex = 0; path = WorkoutJournalTests.xctest; sourceTree = BUILT_PRODUCTS_DIR; };
		2166687921681A4400AC6318 /* WorkoutJournalTests.swift */ = {isa = PBXFileReference; lastKnownFileType = sourcecode.swift; path = WorkoutJournalTests.swift; sourceTree = "<group>"; };
		2166687B21681A4400AC6318 /* Info.plist */ = {isa = PBXFileReference; lastKnownFileType = text.plist.xml; path = Info.plist; sourceTree = "<group>"; };
		2166688421681D2100AC6318 /* WorkoutsViewController.swift */ = {isa = PBXFileReference; lastKnownFileType = sourcecode.swift; path = WorkoutsViewController.swift; sourceTree = "<group>"; };
		2166688621681D5900AC6318 /* ExercisesViewController.swift */ = {isa = PBXFileReference; lastKnownFileType = sourcecode.swift; path = ExercisesViewController.swift; sourceTree = "<group>"; };
		2166688821681DCE00AC6318 /* WorkoutDetailsViewController.swift */ = {isa = PBXFileReference; lastKnownFileType = sourcecode.swift; path = WorkoutDetailsViewController.swift; sourceTree = "<group>"; };
		2166688C21681E8600AC6318 /* ExerciseDetailsViewController.swift */ = {isa = PBXFileReference; lastKnownFileType = sourcecode.swift; path = ExerciseDetailsViewController.swift; sourceTree = "<group>"; };
		2166688E2168352B00AC6318 /* DataStore.swift */ = {isa = PBXFileReference; lastKnownFileType = sourcecode.swift; path = DataStore.swift; sourceTree = "<group>"; };
		21666894216A48BD00AC6318 /* ExercisePlansListViewController.swift */ = {isa = PBXFileReference; lastKnownFileType = sourcecode.swift; path = ExercisePlansListViewController.swift; sourceTree = "<group>"; };
		21AD2F6621A398AC0097DF08 /* WorkoutJournalDataStore.swift */ = {isa = PBXFileReference; lastKnownFileType = sourcecode.swift; path = WorkoutJournalDataStore.swift; sourceTree = "<group>"; };
		21AD2F9121A8F2C60097DF08 /* ExercisePlanInRoutine+CoreDataClass.swift */ = {isa = PBXFileReference; lastKnownFileType = sourcecode.swift; path = "ExercisePlanInRoutine+CoreDataClass.swift"; sourceTree = "<group>"; };
		21AD2F9221A8F2C60097DF08 /* ExercisePlanInRoutine+CoreDataProperties.swift */ = {isa = PBXFileReference; lastKnownFileType = sourcecode.swift; path = "ExercisePlanInRoutine+CoreDataProperties.swift"; sourceTree = "<group>"; };
		21AD2F9321A8F2C60097DF08 /* WorkoutEvent+CoreDataClass.swift */ = {isa = PBXFileReference; lastKnownFileType = sourcecode.swift; path = "WorkoutEvent+CoreDataClass.swift"; sourceTree = "<group>"; };
		21AD2F9421A8F2C60097DF08 /* WorkoutEvent+CoreDataProperties.swift */ = {isa = PBXFileReference; lastKnownFileType = sourcecode.swift; path = "WorkoutEvent+CoreDataProperties.swift"; sourceTree = "<group>"; };
		21AD2F9521A8F2C60097DF08 /* RoutineInWorkout+CoreDataClass.swift */ = {isa = PBXFileReference; lastKnownFileType = sourcecode.swift; path = "RoutineInWorkout+CoreDataClass.swift"; sourceTree = "<group>"; };
		21AD2F9621A8F2C60097DF08 /* RoutineInWorkout+CoreDataProperties.swift */ = {isa = PBXFileReference; lastKnownFileType = sourcecode.swift; path = "RoutineInWorkout+CoreDataProperties.swift"; sourceTree = "<group>"; };
		21AD2F9721A8F2C60097DF08 /* Routine+CoreDataClass.swift */ = {isa = PBXFileReference; lastKnownFileType = sourcecode.swift; path = "Routine+CoreDataClass.swift"; sourceTree = "<group>"; };
		21AD2F9821A8F2C60097DF08 /* Routine+CoreDataProperties.swift */ = {isa = PBXFileReference; lastKnownFileType = sourcecode.swift; path = "Routine+CoreDataProperties.swift"; sourceTree = "<group>"; };
		21AD2F9921A8F2C60097DF08 /* ExercisePlan+CoreDataClass.swift */ = {isa = PBXFileReference; lastKnownFileType = sourcecode.swift; path = "ExercisePlan+CoreDataClass.swift"; sourceTree = "<group>"; };
		21AD2F9A21A8F2C60097DF08 /* ExercisePlan+CoreDataProperties.swift */ = {isa = PBXFileReference; lastKnownFileType = sourcecode.swift; path = "ExercisePlan+CoreDataProperties.swift"; sourceTree = "<group>"; };
		21AD2F9B21A8F2C60097DF08 /* Exercise+CoreDataClass.swift */ = {isa = PBXFileReference; lastKnownFileType = sourcecode.swift; path = "Exercise+CoreDataClass.swift"; sourceTree = "<group>"; };
		21AD2F9C21A8F2C60097DF08 /* Exercise+CoreDataProperties.swift */ = {isa = PBXFileReference; lastKnownFileType = sourcecode.swift; path = "Exercise+CoreDataProperties.swift"; sourceTree = "<group>"; };
		21AD2F9D21A8F2C60097DF08 /* ExercisePlanPerformed+CoreDataClass.swift */ = {isa = PBXFileReference; lastKnownFileType = sourcecode.swift; path = "ExercisePlanPerformed+CoreDataClass.swift"; sourceTree = "<group>"; };
		21AD2F9E21A8F2C60097DF08 /* ExercisePlanPerformed+CoreDataProperties.swift */ = {isa = PBXFileReference; lastKnownFileType = sourcecode.swift; path = "ExercisePlanPerformed+CoreDataProperties.swift"; sourceTree = "<group>"; };
		21AD2F9F21A8F2C60097DF08 /* Person+CoreDataClass.swift */ = {isa = PBXFileReference; lastKnownFileType = sourcecode.swift; path = "Person+CoreDataClass.swift"; sourceTree = "<group>"; };
		21AD2FA021A8F2C60097DF08 /* Person+CoreDataProperties.swift */ = {isa = PBXFileReference; lastKnownFileType = sourcecode.swift; path = "Person+CoreDataProperties.swift"; sourceTree = "<group>"; };
		21AD2FA121A8F2C60097DF08 /* Workout+CoreDataClass.swift */ = {isa = PBXFileReference; lastKnownFileType = sourcecode.swift; path = "Workout+CoreDataClass.swift"; sourceTree = "<group>"; };
		21AD2FA221A8F2C60097DF08 /* Workout+CoreDataProperties.swift */ = {isa = PBXFileReference; lastKnownFileType = sourcecode.swift; path = "Workout+CoreDataProperties.swift"; sourceTree = "<group>"; };
		21DF5D112191346500A786F2 /* ExercisePlanViewController.swift */ = {isa = PBXFileReference; lastKnownFileType = sourcecode.swift; path = ExercisePlanViewController.swift; sourceTree = "<group>"; };
/* End PBXFileReference section */

/* Begin PBXFrameworksBuildPhase section */
		2166685B21681A4100AC6318 /* Frameworks */ = {
			isa = PBXFrameworksBuildPhase;
			buildActionMask = 2147483647;
			files = (
			);
			runOnlyForDeploymentPostprocessing = 0;
		};
		2166687221681A4400AC6318 /* Frameworks */ = {
			isa = PBXFrameworksBuildPhase;
			buildActionMask = 2147483647;
			files = (
			);
			runOnlyForDeploymentPostprocessing = 0;
		};
/* End PBXFrameworksBuildPhase section */

/* Begin PBXGroup section */
		2166685521681A4000AC6318 = {
			isa = PBXGroup;
			children = (
				2166686021681A4100AC6318 /* WorkoutJournal */,
				2166687821681A4400AC6318 /* WorkoutJournalTests */,
				2166685F21681A4100AC6318 /* Products */,
			);
			sourceTree = "<group>";
		};
		2166685F21681A4100AC6318 /* Products */ = {
			isa = PBXGroup;
			children = (
				2166685E21681A4100AC6318 /* WorkoutJournal.app */,
				2166687521681A4400AC6318 /* WorkoutJournalTests.xctest */,
			);
			name = Products;
			sourceTree = "<group>";
		};
		2166686021681A4100AC6318 /* WorkoutJournal */ = {
			isa = PBXGroup;
			children = (
				2166686121681A4100AC6318 /* AppDelegate.swift */,
				21263E182185FD5F0018E604 /* Constants.swift */,
				21AD2F8E21A3ADF20097DF08 /* CoreData */,
				21AD2F8F21A3AE610097DF08 /* Data */,
				21AD2F9021A3AEA20097DF08 /* Storyboards */,
				21AD2F8D21A3AD780097DF08 /* ViewControllers */,
				2166686B21681A4400AC6318 /* Assets.xcassets */,
				2166687021681A4400AC6318 /* Info.plist */,
			);
			path = WorkoutJournal;
			sourceTree = "<group>";
		};
		2166687821681A4400AC6318 /* WorkoutJournalTests */ = {
			isa = PBXGroup;
			children = (
				2166687921681A4400AC6318 /* WorkoutJournalTests.swift */,
				2166687B21681A4400AC6318 /* Info.plist */,
			);
			path = WorkoutJournalTests;
			sourceTree = "<group>";
		};
		21AD2F8C21A3ACDA0097DF08 /* NSManagedObject */ = {
			isa = PBXGroup;
			children = (
				21AD2F9121A8F2C60097DF08 /* ExercisePlanInRoutine+CoreDataClass.swift */,
				21AD2F9221A8F2C60097DF08 /* ExercisePlanInRoutine+CoreDataProperties.swift */,
				21AD2F9321A8F2C60097DF08 /* WorkoutEvent+CoreDataClass.swift */,
				21AD2F9421A8F2C60097DF08 /* WorkoutEvent+CoreDataProperties.swift */,
				21AD2F9521A8F2C60097DF08 /* RoutineInWorkout+CoreDataClass.swift */,
				21AD2F9621A8F2C60097DF08 /* RoutineInWorkout+CoreDataProperties.swift */,
				21AD2F9721A8F2C60097DF08 /* Routine+CoreDataClass.swift */,
				21AD2F9821A8F2C60097DF08 /* Routine+CoreDataProperties.swift */,
				21AD2F9921A8F2C60097DF08 /* ExercisePlan+CoreDataClass.swift */,
				21AD2F9A21A8F2C60097DF08 /* ExercisePlan+CoreDataProperties.swift */,
				21AD2F9B21A8F2C60097DF08 /* Exercise+CoreDataClass.swift */,
				21AD2F9C21A8F2C60097DF08 /* Exercise+CoreDataProperties.swift */,
				21AD2F9D21A8F2C60097DF08 /* ExercisePlanPerformed+CoreDataClass.swift */,
				21AD2F9E21A8F2C60097DF08 /* ExercisePlanPerformed+CoreDataProperties.swift */,
				21AD2F9F21A8F2C60097DF08 /* Person+CoreDataClass.swift */,
				21AD2FA021A8F2C60097DF08 /* Person+CoreDataProperties.swift */,
				21AD2FA121A8F2C60097DF08 /* Workout+CoreDataClass.swift */,
				21AD2FA221A8F2C60097DF08 /* Workout+CoreDataProperties.swift */,
			);
			path = NSManagedObject;
			sourceTree = "<group>";
		};
		21AD2F8D21A3AD780097DF08 /* ViewControllers */ = {
			isa = PBXGroup;
			children = (
				2166688C21681E8600AC6318 /* ExerciseDetailsViewController.swift */,
				21666894216A48BD00AC6318 /* ExercisePlansListViewController.swift */,
				21DF5D112191346500A786F2 /* ExercisePlanViewController.swift */,
				2166688621681D5900AC6318 /* ExercisesViewController.swift */,
				2166688821681DCE00AC6318 /* WorkoutDetailsViewController.swift */,
				2166688421681D2100AC6318 /* WorkoutsViewController.swift */,
			);
			path = ViewControllers;
			sourceTree = "<group>";
		};
		21AD2F8E21A3ADF20097DF08 /* CoreData */ = {
			isa = PBXGroup;
			children = (
				21AD2F6621A398AC0097DF08 /* WorkoutJournalDataStore.swift */,
				2166686821681A4100AC6318 /* WorkoutJournal.xcdatamodeld */,
				21AD2F8C21A3ACDA0097DF08 /* NSManagedObject */,
			);
			path = CoreData;
			sourceTree = "<group>";
		};
		21AD2F8F21A3AE610097DF08 /* Data */ = {
			isa = PBXGroup;
			children = (
				2166688E2168352B00AC6318 /* DataStore.swift */,
			);
			path = Data;
			sourceTree = "<group>";
		};
		21AD2F9021A3AEA20097DF08 /* Storyboards */ = {
			isa = PBXGroup;
			children = (
				2166686D21681A4400AC6318 /* LaunchScreen.storyboard */,
				2166686521681A4100AC6318 /* Main.storyboard */,
			);
			path = Storyboards;
			sourceTree = "<group>";
		};
/* End PBXGroup section */

/* Begin PBXNativeTarget section */
		2166685D21681A4100AC6318 /* WorkoutJournal */ = {
			isa = PBXNativeTarget;
			buildConfigurationList = 2166687E21681A4400AC6318 /* Build configuration list for PBXNativeTarget "WorkoutJournal" */;
			buildPhases = (
				2166685A21681A4100AC6318 /* Sources */,
				2166685B21681A4100AC6318 /* Frameworks */,
				2166685C21681A4100AC6318 /* Resources */,
			);
			buildRules = (
			);
			dependencies = (
			);
			name = WorkoutJournal;
			productName = WorkoutJournal;
			productReference = 2166685E21681A4100AC6318 /* WorkoutJournal.app */;
			productType = "com.apple.product-type.application";
		};
		2166687421681A4400AC6318 /* WorkoutJournalTests */ = {
			isa = PBXNativeTarget;
			buildConfigurationList = 2166688121681A4400AC6318 /* Build configuration list for PBXNativeTarget "WorkoutJournalTests" */;
			buildPhases = (
				2166687121681A4400AC6318 /* Sources */,
				2166687221681A4400AC6318 /* Frameworks */,
				2166687321681A4400AC6318 /* Resources */,
			);
			buildRules = (
			);
			dependencies = (
				2166687721681A4400AC6318 /* PBXTargetDependency */,
			);
			name = WorkoutJournalTests;
			productName = WorkoutJournalTests;
			productReference = 2166687521681A4400AC6318 /* WorkoutJournalTests.xctest */;
			productType = "com.apple.product-type.bundle.unit-test";
		};
/* End PBXNativeTarget section */

/* Begin PBXProject section */
		2166685621681A4000AC6318 /* Project object */ = {
			isa = PBXProject;
			attributes = {
				LastSwiftUpdateCheck = 1000;
				LastUpgradeCheck = 1000;
				ORGANIZATIONNAME = "clarity for action";
				TargetAttributes = {
					2166685D21681A4100AC6318 = {
						CreatedOnToolsVersion = 10.0;
					};
					2166687421681A4400AC6318 = {
						CreatedOnToolsVersion = 10.0;
						TestTargetID = 2166685D21681A4100AC6318;
					};
				};
			};
			buildConfigurationList = 2166685921681A4000AC6318 /* Build configuration list for PBXProject "WorkoutJournal" */;
			compatibilityVersion = "Xcode 9.3";
			developmentRegion = en;
			hasScannedForEncodings = 0;
			knownRegions = (
				en,
				Base,
			);
			mainGroup = 2166685521681A4000AC6318;
			productRefGroup = 2166685F21681A4100AC6318 /* Products */;
			projectDirPath = "";
			projectRoot = "";
			targets = (
				2166685D21681A4100AC6318 /* WorkoutJournal */,
				2166687421681A4400AC6318 /* WorkoutJournalTests */,
			);
		};
/* End PBXProject section */

/* Begin PBXResourcesBuildPhase section */
		2166685C21681A4100AC6318 /* Resources */ = {
			isa = PBXResourcesBuildPhase;
			buildActionMask = 2147483647;
			files = (
				2166686F21681A4400AC6318 /* LaunchScreen.storyboard in Resources */,
				2166686C21681A4400AC6318 /* Assets.xcassets in Resources */,
				2166686721681A4100AC6318 /* Main.storyboard in Resources */,
			);
			runOnlyForDeploymentPostprocessing = 0;
		};
		2166687321681A4400AC6318 /* Resources */ = {
			isa = PBXResourcesBuildPhase;
			buildActionMask = 2147483647;
			files = (
			);
			runOnlyForDeploymentPostprocessing = 0;
		};
/* End PBXResourcesBuildPhase section */

/* Begin PBXSourcesBuildPhase section */
		2166685A21681A4100AC6318 /* Sources */ = {
			isa = PBXSourcesBuildPhase;
			buildActionMask = 2147483647;
			files = (
				2166688D21681E8600AC6318 /* ExerciseDetailsViewController.swift in Sources */,
				2166688F2168352B00AC6318 /* DataStore.swift in Sources */,
				2166688921681DCE00AC6318 /* WorkoutDetailsViewController.swift in Sources */,
				2166686A21681A4100AC6318 /* WorkoutJournal.xcdatamodeld in Sources */,
				2166686221681A4100AC6318 /* AppDelegate.swift in Sources */,
				21263E192185FD5F0018E604 /* Constants.swift in Sources */,
				21AD2FA921A8F2C60097DF08 /* Routine+CoreDataClass.swift in Sources */,
				21AD2FB021A8F2C60097DF08 /* ExercisePlanPerformed+CoreDataProperties.swift in Sources */,
				21AD2FA821A8F2C60097DF08 /* RoutineInWorkout+CoreDataProperties.swift in Sources */,
				21DF5D122191346500A786F2 /* ExercisePlanViewController.swift in Sources */,
				21AD2FB121A8F2C60097DF08 /* Person+CoreDataClass.swift in Sources */,
				21AD2FB221A8F2C60097DF08 /* Person+CoreDataProperties.swift in Sources */,
				21AD2FA621A8F2C60097DF08 /* WorkoutEvent+CoreDataProperties.swift in Sources */,
				21AD2FAA21A8F2C60097DF08 /* Routine+CoreDataProperties.swift in Sources */,
				21AD2FAE21A8F2C60097DF08 /* Exercise+CoreDataProperties.swift in Sources */,
				21AD2FAD21A8F2C60097DF08 /* Exercise+CoreDataClass.swift in Sources */,
				2166688721681D5900AC6318 /* ExercisesViewController.swift in Sources */,
				21AD2FAB21A8F2C60097DF08 /* ExercisePlan+CoreDataClass.swift in Sources */,
				21AD2FAC21A8F2C60097DF08 /* ExercisePlan+CoreDataProperties.swift in Sources */,
				21AD2FA521A8F2C60097DF08 /* WorkoutEvent+CoreDataClass.swift in Sources */,
				21AD2FB421A8F2C60097DF08 /* Workout+CoreDataProperties.swift in Sources */,
				21AD2FA321A8F2C60097DF08 /* ExercisePlanInRoutine+CoreDataClass.swift in Sources */,
				21AD2FB321A8F2C60097DF08 /* Workout+CoreDataClass.swift in Sources */,
				21AD2FA721A8F2C60097DF08 /* RoutineInWorkout+CoreDataClass.swift in Sources */,
				2166688521681D2100AC6318 /* WorkoutsViewController.swift in Sources */,
				21AD2F6721A398AD0097DF08 /* WorkoutJournalDataStore.swift in Sources */,
				21666895216A48BD00AC6318 /* ExercisePlansListViewController.swift in Sources */,
				21AD2FA421A8F2C60097DF08 /* ExercisePlanInRoutine+CoreDataProperties.swift in Sources */,
				21AD2FAF21A8F2C60097DF08 /* ExercisePlanPerformed+CoreDataClass.swift in Sources */,
			);
			runOnlyForDeploymentPostprocessing = 0;
		};
		2166687121681A4400AC6318 /* Sources */ = {
			isa = PBXSourcesBuildPhase;
			buildActionMask = 2147483647;
			files = (
				2166687A21681A4400AC6318 /* WorkoutJournalTests.swift in Sources */,
			);
			runOnlyForDeploymentPostprocessing = 0;
		};
/* End PBXSourcesBuildPhase section */

/* Begin PBXTargetDependency section */
		2166687721681A4400AC6318 /* PBXTargetDependency */ = {
			isa = PBXTargetDependency;
			target = 2166685D21681A4100AC6318 /* WorkoutJournal */;
			targetProxy = 2166687621681A4400AC6318 /* PBXContainerItemProxy */;
		};
/* End PBXTargetDependency section */

/* Begin PBXVariantGroup section */
		2166686521681A4100AC6318 /* Main.storyboard */ = {
			isa = PBXVariantGroup;
			children = (
				2166686621681A4100AC6318 /* Base */,
			);
			name = Main.storyboard;
			sourceTree = "<group>";
		};
		2166686D21681A4400AC6318 /* LaunchScreen.storyboard */ = {
			isa = PBXVariantGroup;
			children = (
				2166686E21681A4400AC6318 /* Base */,
			);
			name = LaunchScreen.storyboard;
			sourceTree = "<group>";
		};
/* End PBXVariantGroup section */

/* Begin XCBuildConfiguration section */
		2166687C21681A4400AC6318 /* Debug */ = {
			isa = XCBuildConfiguration;
			buildSettings = {
				ALWAYS_SEARCH_USER_PATHS = NO;
				CLANG_ANALYZER_NONNULL = YES;
				CLANG_ANALYZER_NUMBER_OBJECT_CONVERSION = YES_AGGRESSIVE;
				CLANG_CXX_LANGUAGE_STANDARD = "gnu++14";
				CLANG_CXX_LIBRARY = "libc++";
				CLANG_ENABLE_MODULES = YES;
				CLANG_ENABLE_OBJC_ARC = YES;
				CLANG_ENABLE_OBJC_WEAK = YES;
				CLANG_WARN_BLOCK_CAPTURE_AUTORELEASING = YES;
				CLANG_WARN_BOOL_CONVERSION = YES;
				CLANG_WARN_COMMA = YES;
				CLANG_WARN_CONSTANT_CONVERSION = YES;
				CLANG_WARN_DEPRECATED_OBJC_IMPLEMENTATIONS = YES;
				CLANG_WARN_DIRECT_OBJC_ISA_USAGE = YES_ERROR;
				CLANG_WARN_DOCUMENTATION_COMMENTS = YES;
				CLANG_WARN_EMPTY_BODY = YES;
				CLANG_WARN_ENUM_CONVERSION = YES;
				CLANG_WARN_INFINITE_RECURSION = YES;
				CLANG_WARN_INT_CONVERSION = YES;
				CLANG_WARN_NON_LITERAL_NULL_CONVERSION = YES;
				CLANG_WARN_OBJC_IMPLICIT_RETAIN_SELF = YES;
				CLANG_WARN_OBJC_LITERAL_CONVERSION = YES;
				CLANG_WARN_OBJC_ROOT_CLASS = YES_ERROR;
				CLANG_WARN_RANGE_LOOP_ANALYSIS = YES;
				CLANG_WARN_STRICT_PROTOTYPES = YES;
				CLANG_WARN_SUSPICIOUS_MOVE = YES;
				CLANG_WARN_UNGUARDED_AVAILABILITY = YES_AGGRESSIVE;
				CLANG_WARN_UNREACHABLE_CODE = YES;
				CLANG_WARN__DUPLICATE_METHOD_MATCH = YES;
				CODE_SIGN_IDENTITY = "iPhone Developer";
				COPY_PHASE_STRIP = NO;
				DEBUG_INFORMATION_FORMAT = dwarf;
				ENABLE_STRICT_OBJC_MSGSEND = YES;
				ENABLE_TESTABILITY = YES;
				GCC_C_LANGUAGE_STANDARD = gnu11;
				GCC_DYNAMIC_NO_PIC = NO;
				GCC_NO_COMMON_BLOCKS = YES;
				GCC_OPTIMIZATION_LEVEL = 0;
				GCC_PREPROCESSOR_DEFINITIONS = (
					"DEBUG=1",
					"$(inherited)",
				);
				GCC_WARN_64_TO_32_BIT_CONVERSION = YES;
				GCC_WARN_ABOUT_RETURN_TYPE = YES_ERROR;
				GCC_WARN_UNDECLARED_SELECTOR = YES;
				GCC_WARN_UNINITIALIZED_AUTOS = YES_AGGRESSIVE;
				GCC_WARN_UNUSED_FUNCTION = YES;
				GCC_WARN_UNUSED_VARIABLE = YES;
				IPHONEOS_DEPLOYMENT_TARGET = 12.0;
				MTL_ENABLE_DEBUG_INFO = INCLUDE_SOURCE;
				MTL_FAST_MATH = YES;
				ONLY_ACTIVE_ARCH = YES;
				SDKROOT = iphoneos;
				SWIFT_ACTIVE_COMPILATION_CONDITIONS = DEBUG;
				SWIFT_OPTIMIZATION_LEVEL = "-Onone";
			};
			name = Debug;
		};
		2166687D21681A4400AC6318 /* Release */ = {
			isa = XCBuildConfiguration;
			buildSettings = {
				ALWAYS_SEARCH_USER_PATHS = NO;
				CLANG_ANALYZER_NONNULL = YES;
				CLANG_ANALYZER_NUMBER_OBJECT_CONVERSION = YES_AGGRESSIVE;
				CLANG_CXX_LANGUAGE_STANDARD = "gnu++14";
				CLANG_CXX_LIBRARY = "libc++";
				CLANG_ENABLE_MODULES = YES;
				CLANG_ENABLE_OBJC_ARC = YES;
				CLANG_ENABLE_OBJC_WEAK = YES;
				CLANG_WARN_BLOCK_CAPTURE_AUTORELEASING = YES;
				CLANG_WARN_BOOL_CONVERSION = YES;
				CLANG_WARN_COMMA = YES;
				CLANG_WARN_CONSTANT_CONVERSION = YES;
				CLANG_WARN_DEPRECATED_OBJC_IMPLEMENTATIONS = YES;
				CLANG_WARN_DIRECT_OBJC_ISA_USAGE = YES_ERROR;
				CLANG_WARN_DOCUMENTATION_COMMENTS = YES;
				CLANG_WARN_EMPTY_BODY = YES;
				CLANG_WARN_ENUM_CONVERSION = YES;
				CLANG_WARN_INFINITE_RECURSION = YES;
				CLANG_WARN_INT_CONVERSION = YES;
				CLANG_WARN_NON_LITERAL_NULL_CONVERSION = YES;
				CLANG_WARN_OBJC_IMPLICIT_RETAIN_SELF = YES;
				CLANG_WARN_OBJC_LITERAL_CONVERSION = YES;
				CLANG_WARN_OBJC_ROOT_CLASS = YES_ERROR;
				CLANG_WARN_RANGE_LOOP_ANALYSIS = YES;
				CLANG_WARN_STRICT_PROTOTYPES = YES;
				CLANG_WARN_SUSPICIOUS_MOVE = YES;
				CLANG_WARN_UNGUARDED_AVAILABILITY = YES_AGGRESSIVE;
				CLANG_WARN_UNREACHABLE_CODE = YES;
				CLANG_WARN__DUPLICATE_METHOD_MATCH = YES;
				CODE_SIGN_IDENTITY = "iPhone Developer";
				COPY_PHASE_STRIP = NO;
				DEBUG_INFORMATION_FORMAT = "dwarf-with-dsym";
				ENABLE_NS_ASSERTIONS = NO;
				ENABLE_STRICT_OBJC_MSGSEND = YES;
				GCC_C_LANGUAGE_STANDARD = gnu11;
				GCC_NO_COMMON_BLOCKS = YES;
				GCC_WARN_64_TO_32_BIT_CONVERSION = YES;
				GCC_WARN_ABOUT_RETURN_TYPE = YES_ERROR;
				GCC_WARN_UNDECLARED_SELECTOR = YES;
				GCC_WARN_UNINITIALIZED_AUTOS = YES_AGGRESSIVE;
				GCC_WARN_UNUSED_FUNCTION = YES;
				GCC_WARN_UNUSED_VARIABLE = YES;
				IPHONEOS_DEPLOYMENT_TARGET = 12.0;
				MTL_ENABLE_DEBUG_INFO = NO;
				MTL_FAST_MATH = YES;
				SDKROOT = iphoneos;
				SWIFT_COMPILATION_MODE = wholemodule;
				SWIFT_OPTIMIZATION_LEVEL = "-O";
				VALIDATE_PRODUCT = YES;
			};
			name = Release;
		};
		2166687F21681A4400AC6318 /* Debug */ = {
			isa = XCBuildConfiguration;
			buildSettings = {
				ASSETCATALOG_COMPILER_APPICON_NAME = AppIcon;
				CODE_SIGN_STYLE = Automatic;
				DEVELOPMENT_TEAM = ZZJUSPY743;
				INFOPLIST_FILE = WorkoutJournal/Info.plist;
				LD_RUNPATH_SEARCH_PATHS = (
					"$(inherited)",
					"@executable_path/Frameworks",
				);
				PRODUCT_BUNDLE_IDENTIFIER = com.clarityforaction.workout;
				PRODUCT_NAME = "$(TARGET_NAME)";
				SWIFT_VERSION = 4.2;
				TARGETED_DEVICE_FAMILY = "1,2";
			};
			name = Debug;
		};
		2166688021681A4400AC6318 /* Release */ = {
			isa = XCBuildConfiguration;
			buildSettings = {
				ASSETCATALOG_COMPILER_APPICON_NAME = AppIcon;
				CODE_SIGN_STYLE = Automatic;
				DEVELOPMENT_TEAM = ZZJUSPY743;
				INFOPLIST_FILE = WorkoutJournal/Info.plist;
				LD_RUNPATH_SEARCH_PATHS = (
					"$(inherited)",
					"@executable_path/Frameworks",
				);
				PRODUCT_BUNDLE_IDENTIFIER = com.clarityforaction.workout;
				PRODUCT_NAME = "$(TARGET_NAME)";
				SWIFT_VERSION = 4.2;
				TARGETED_DEVICE_FAMILY = "1,2";
			};
			name = Release;
		};
		2166688221681A4400AC6318 /* Debug */ = {
			isa = XCBuildConfiguration;
			buildSettings = {
				ALWAYS_EMBED_SWIFT_STANDARD_LIBRARIES = YES;
				BUNDLE_LOADER = "$(TEST_HOST)";
				CODE_SIGN_STYLE = Automatic;
				DEVELOPMENT_TEAM = 73REF5W5RY;
				INFOPLIST_FILE = WorkoutJournalTests/Info.plist;
				LD_RUNPATH_SEARCH_PATHS = (
					"$(inherited)",
					"@executable_path/Frameworks",
					"@loader_path/Frameworks",
				);
				PRODUCT_BUNDLE_IDENTIFIER = com.clarityforaction.WorkoutJournalTests;
				PRODUCT_NAME = "$(TARGET_NAME)";
				SWIFT_VERSION = 4.2;
				TARGETED_DEVICE_FAMILY = "1,2";
				TEST_HOST = "$(BUILT_PRODUCTS_DIR)/WorkoutJournal.app/WorkoutJournal";
			};
			name = Debug;
		};
		2166688321681A4400AC6318 /* Release */ = {
			isa = XCBuildConfiguration;
			buildSettings = {
				ALWAYS_EMBED_SWIFT_STANDARD_LIBRARIES = YES;
				BUNDLE_LOADER = "$(TEST_HOST)";
				CODE_SIGN_STYLE = Automatic;
				DEVELOPMENT_TEAM = 73REF5W5RY;
				INFOPLIST_FILE = WorkoutJournalTests/Info.plist;
				LD_RUNPATH_SEARCH_PATHS = (
					"$(inherited)",
					"@executable_path/Frameworks",
					"@loader_path/Frameworks",
				);
				PRODUCT_BUNDLE_IDENTIFIER = com.clarityforaction.WorkoutJournalTests;
				PRODUCT_NAME = "$(TARGET_NAME)";
				SWIFT_VERSION = 4.2;
				TARGETED_DEVICE_FAMILY = "1,2";
				TEST_HOST = "$(BUILT_PRODUCTS_DIR)/WorkoutJournal.app/WorkoutJournal";
			};
			name = Release;
		};
/* End XCBuildConfiguration section */

/* Begin XCConfigurationList section */
		2166685921681A4000AC6318 /* Build configuration list for PBXProject "WorkoutJournal" */ = {
			isa = XCConfigurationList;
			buildConfigurations = (
				2166687C21681A4400AC6318 /* Debug */,
				2166687D21681A4400AC6318 /* Release */,
			);
			defaultConfigurationIsVisible = 0;
			defaultConfigurationName = Release;
		};
		2166687E21681A4400AC6318 /* Build configuration list for PBXNativeTarget "WorkoutJournal" */ = {
			isa = XCConfigurationList;
			buildConfigurations = (
				2166687F21681A4400AC6318 /* Debug */,
				2166688021681A4400AC6318 /* Release */,
			);
			defaultConfigurationIsVisible = 0;
			defaultConfigurationName = Release;
		};
		2166688121681A4400AC6318 /* Build configuration list for PBXNativeTarget "WorkoutJournalTests" */ = {
			isa = XCConfigurationList;
			buildConfigurations = (
				2166688221681A4400AC6318 /* Debug */,
				2166688321681A4400AC6318 /* Release */,
			);
			defaultConfigurationIsVisible = 0;
			defaultConfigurationName = Release;
		};
/* End XCConfigurationList section */

/* Begin XCVersionGroup section */
		2166686821681A4100AC6318 /* WorkoutJournal.xcdatamodeld */ = {
			isa = XCVersionGroup;
			children = (
				2166686921681A4100AC6318 /* WorkoutJournal.xcdatamodel */,
			);
			currentVersion = 2166686921681A4100AC6318 /* WorkoutJournal.xcdatamodel */;
			path = WorkoutJournal.xcdatamodeld;
			sourceTree = "<group>";
			versionGroupType = wrapper.xcdatamodel;
		};
/* End XCVersionGroup section */
	};
	rootObject = 2166685621681A4000AC6318 /* Project object */;
}
